
Microsoft Visual Studio Solution File, Format Version 12.00
# Visual Studio Version 17
VisualStudioVersion = 17.14.36221.1 d17.14
MinimumVisualStudioVersion = 10.0.40219.1
Project("{FAE04EC0-301F-11D3-BF4B-00C04F79EFBC}") = "Library_Management_System_MVC", "Library_Management_System_MVC\Library_Management_System_MVC.csproj", "{8AD3C782-B9F7-4A22-865A-4DF83F670D77}"
EndProject
Global
	GlobalSection(SolutionConfigurationPlatforms) = preSolution
		Debug|Any CPU = Debug|Any CPU
		Release|Any CPU = Release|Any CPU
	EndGlobalSection
	GlobalSection(ProjectConfigurationPlatforms) = postSolution
		{8AD3C782-B9F7-4A22-865A-4DF83F670D77}.Debug|Any CPU.ActiveCfg = Debug|Any CPU
		{8AD3C782-B9F7-4A22-865A-4DF83F670D77}.Debug|Any CPU.Build.0 = Debug|Any CPU
		{8AD3C782-B9F7-4A22-865A-4DF83F670D77}.Release|Any CPU.ActiveCfg = Release|Any CPU
		{8AD3C782-B9F7-4A22-865A-4DF83F670D77}.Release|Any CPU.Build.0 = Release|Any CPU
	EndGlobalSection
	GlobalSection(SolutionProperties) = preSolution
		HideSolutionNode = FALSE
	EndGlobalSection
	GlobalSection(ExtensibilityGlobals) = postSolution
		SolutionGuid = {C106A64D-95E6-40FB-AF1E-089267799125}
	EndGlobalSection
EndGlobal
